
Microsoft Visual Studio Solution File, Format Version 12.00
# Visual Studio 15
VisualStudioVersion = 15.0.27428.1
MinimumVisualStudioVersion = 10.0.40219.1
Project("{FAE04EC0-301F-11D3-BF4B-00C04F79EFBC}") = "ShaderTools.VisualStudio.Windows", "ShaderTools.VisualStudio.Windows\ShaderTools.VisualStudio.Windows.csproj", "{BBE90B66-FC87-4EB4-A8E6-530C539A1BE5}"
EndProject
Project("{D954291E-2A0B-460D-934E-DC6B0785DB48}") = "ShaderTools.VisualStudio.Shared", "ShaderTools.VisualStudio.Shared\ShaderTools.VisualStudio.Shared.shproj", "{FBD2769B-8BCC-48B0-A9FA-685221725C62}"
EndProject
Global
	GlobalSection(SharedMSBuildProjectFiles) = preSolution
		ShaderTools.VisualStudio.Shared\ShaderTools.VisualStudio.Shared.projitems*{bbe90b66-fc87-4eb4-a8e6-530c539a1be5}*SharedItemsImports = 4
		ShaderTools.VisualStudio.Shared\ShaderTools.VisualStudio.Shared.projitems*{fbd2769b-8bcc-48b0-a9fa-685221725c62}*SharedItemsImports = 13
	EndGlobalSection
	GlobalSection(SolutionConfigurationPlatforms) = preSolution
		Debug|Any CPU = Debug|Any CPU
		Release|Any CPU = Release|Any CPU
	EndGlobalSection
	GlobalSection(ProjectConfigurationPlatforms) = postSolution
		{BBE90B66-FC87-4EB4-A8E6-530C539A1BE5}.Debug|Any CPU.ActiveCfg = Debug|Any CPU
		{BBE90B66-FC87-4EB4-A8E6-530C539A1BE5}.Debug|Any CPU.Build.0 = Debug|Any CPU
		{BBE90B66-FC87-4EB4-A8E6-530C539A1BE5}.Release|Any CPU.ActiveCfg = Release|Any CPU
		{BBE90B66-FC87-4EB4-A8E6-530C539A1BE5}.Release|Any CPU.Build.0 = Release|Any CPU
	EndGlobalSection
	GlobalSection(SolutionProperties) = preSolution
		HideSolutionNode = FALSE
	EndGlobalSection
	GlobalSection(ExtensibilityGlobals) = postSolution
		SolutionGuid = {DF639112-8B0D-4D4E-8AA1-E7CE927CF8B2}
	EndGlobalSection
EndGlobal
